{
  "generated": "2026-08-06",
  "procedure": "docs/PACKAGES.md header",
  "packages": [
    {
      "name": "pi-subagents",
      "version": "0.41.0",
      "tarball": "https://registry.npmjs.org/pi-subagents/-/pi-subagents-0.41.0.tgz",
      "sha256": "f433f7b1dcc252318e9960276e2e2696a1001ec46c7f82b29a5d100fe94252bc",
      "npm_dist_shasum_sha1": "401d86f0ace06557a77c5cedc8af448e314ad174",
      "license": "MIT",
      "repository": "https://github.com/nicobailon/pi-subagents",
      "reviewed": "2026-08-06",
      "status": "adopted",
      "role": "EXT-05/24/25 sub-agent runtime",
      "vendor": false
    },
    {
      "name": "pi-sandbox",
      "version": "0.6.2",
      "tarball": "https://registry.npmjs.org/pi-sandbox/-/pi-sandbox-0.6.2.tgz",
      "sha256": "f10dd13d37b9444bbaad0b0930d748ec3b24f4165182865b28b05ed4ce7d886d",
      "npm_dist_shasum_sha1": "a0c6cc578cc60e5af44ba9d1e44733e43a3482f3",
      "license": "MIT",
      "repository": "https://github.com/carderne/pi-sandbox",
      "reviewed": "2026-08-06",
      "status": "adopted-vendored",
      "role": "EXT-03 OS-level containment",
      "vendor": true
    },
    {
      "name": "pi-mcp-adapter",
      "version": "2.20.1",
      "tarball": "https://registry.npmjs.org/pi-mcp-adapter/-/pi-mcp-adapter-2.20.1.tgz",
      "sha256": "cc35b8d045bb12f8989b8bdfe71dd3b49756c41e0c4a0fe48919ee24c4c16a7f",
      "npm_dist_shasum_sha1": "f10fc35c89a4fe98fa1296fdd3cfae2ebe57174b",
      "license": "MIT",
      "repository": "https://github.com/nicobailon/pi-mcp-adapter",
      "reviewed": "2026-08-06",
      "status": "adopted-vendored",
      "role": "EXT-14 MCP bridge",
      "vendor": true
    },
    {
      "name": "pi-web-access",
      "version": "0.18.0",
      "tarball": "https://registry.npmjs.org/pi-web-access/-/pi-web-access-0.18.0.tgz",
      "sha256": "6658b8585b2c2bddbed2a8063d75bb2a0e522bb7f182b873c1e54dbee8b42f6d",
      "npm_dist_shasum_sha1": "ee2d325b247b0239eab0d20b6b27eea698a42df4",
      "license": "MIT",
      "repository": "https://github.com/nicobailon/pi-web-access",
      "reviewed": "2026-08-06",
      "status": "adopted",
      "role": "EXT-07 web (personal profile)",
      "vendor": false
    },
    {
      "name": "pi-web-search",
      "version": "1.3.1",
      "tarball": "https://registry.npmjs.org/pi-web-search/-/pi-web-search-1.3.1.tgz",
      "sha256": "d7bf017acbe0d0294d8a4a86cf0cc4dcafe366272f346499a28fbd45ef4008ab",
      "npm_dist_shasum_sha1": "45d28ffc5bccf0b8eef28cb8d76411e32f9e6f5c",
      "license": "MIT",
      "repository": "https://github.com/ttttmr/pi-web-search",
      "reviewed": "2026-08-06",
      "status": "adopted-conditional",
      "role": "EXT-07 web (enterprise profile)",
      "vendor": false,
      "licenseTextShipped": false,
      "licenseTextNote": "declared-but-textless licence: the package excludes its LICENSE via package.json `files`. docs/PACKAGES.md trap 2 reviewed and accepted this on 2026-08-06. Recorded here because PC-17's title is \"ships a licence file (or the ledger says why not)\" and this is the ledger saying why not."
    },
    {
      "name": "@99percentpeople/pi-background-tasks",
      "version": "2.0.0",
      "tarball": "https://registry.npmjs.org/@99percentpeople/pi-background-tasks/-/pi-background-tasks-2.0.0.tgz",
      "sha256": "2221dbdb58b53ea812c2fbbaacdfa4dfa8ae420972f275c6ff0704d1585c7907",
      "npm_dist_shasum_sha1": "5cf8beadb397efbb0125c7155063d0f31b3a3b8f",
      "license": "MIT",
      "repository": "https://github.com/99percentpeople/pi-extensions",
      "reviewed": "2026-08-06",
      "status": "adopted-hardened",
      "role": "EXT-24 bash face",
      "vendor": false
    },
    {
      "name": "@mrclrchtr/supi-bash-timeout",
      "version": "4.6.0",
      "tarball": "https://registry.npmjs.org/@mrclrchtr/supi-bash-timeout/-/supi-bash-timeout-4.6.0.tgz",
      "sha256": "fc9ca06db74173b6371add9be7fd6c27a054e7d160db1dac804d76690bae635f",
      "npm_dist_shasum_sha1": "5c2d1256062b3ccee7aabcc5ec53feac62f0b89d",
      "license": "MIT",
      "repository": "https://github.com/mrclrchtr/supi",
      "reviewed": "2026-08-06",
      "status": "adopted",
      "role": "EXT-18 bash default timeout",
      "vendor": false,
      "licenseTextShipped": false,
      "licenseTextNote": "declared-but-textless licence: the package excludes its LICENSE via package.json `files`. docs/PACKAGES.md trap 2 reviewed and accepted this on 2026-08-06. Recorded here because PC-17's title is \"ships a licence file (or the ledger says why not)\" and this is the ledger saying why not."
    },
    {
      "name": "@narumitw/pi-statusline",
      "version": "0.49.5",
      "tarball": "https://registry.npmjs.org/@narumitw/pi-statusline/-/pi-statusline-0.49.5.tgz",
      "sha256": "18b250c08c9adb37634d130e48416923fd4a4251c31292aedb1774fec85cdab7",
      "npm_dist_shasum_sha1": "e2f307256bd07963f43a1d6feaf4c4b2a1702d46",
      "license": "MIT",
      "repository": "https://github.com/narumiruna/pi-extensions",
      "reviewed": "2026-08-06",
      "status": "adopted",
      "role": "EXT-12 statusline",
      "vendor": false
    },
    {
      "name": "@narumitw/pi-usage",
      "version": "0.49.3",
      "tarball": "https://registry.npmjs.org/@narumitw/pi-usage/-/pi-usage-0.49.3.tgz",
      "sha256": "47205861fb00495bbbcba795f7218a0c80b13185f43a3e5a21f971537e9adef6",
      "npm_dist_shasum_sha1": "3bbad0bd90ae79c206dd919df2befd2860a77ec0",
      "license": "MIT",
      "repository": "https://github.com/narumiruna/pi-extensions",
      "reviewed": "2026-08-06",
      "status": "adopted",
      "role": "EXT-09 quota read path",
      "vendor": false
    },
    {
      "name": "@juicesharp/rpiv-todo",
      "version": "2.4.0",
      "tarball": "https://registry.npmjs.org/@juicesharp/rpiv-todo/-/rpiv-todo-2.4.0.tgz",
      "sha256": "c55f5f6eab93371ae99897590efe558ce556f97a79a63f43ea0a40c09f96a0dd",
      "npm_dist_shasum_sha1": "aa20d37c69a0d16bec4a709a7d1b48aacaf02fbe",
      "license": "MIT",
      "repository": "https://github.com/juicesharp/rpiv-mono",
      "reviewed": "2026-08-06",
      "status": "adopted",
      "role": "EXT-22 task list",
      "vendor": false
    },
    {
      "name": "pi-hashline-edit-pro",
      "version": "1.1.0",
      "tarball": "https://registry.npmjs.org/pi-hashline-edit-pro/-/pi-hashline-edit-pro-1.1.0.tgz",
      "sha256": "37a4e1abc66191300cd7e5c646a6ef5fa87be1fed224bdf00229eb3c3b8fcd68",
      "npm_dist_shasum_sha1": "96e525ede6d0cf1a7a61d087bf64adac3da0abfe",
      "license": "MIT",
      "repository": "https://github.com/YuGiMob/pi-hashline-edit-pro",
      "reviewed": "2026-08-06",
      "status": "adopted-trial",
      "role": "EXT-19t edit trial",
      "vendor": false
    },
    {
      "name": "@narumitw/pi-worktree",
      "version": "0.49.3",
      "tarball": "https://registry.npmjs.org/@narumitw/pi-worktree/-/pi-worktree-0.49.3.tgz",
      "sha256": "ddcc0e3cd1f7881c5e8bafc70c6ff5f86be18bd786002fda87ed42d3a5bbb273",
      "npm_dist_shasum_sha1": "80c64d20f8b9509eec37b83b49fbdf7f89368e81",
      "license": "MIT",
      "repository": "https://github.com/narumiruna/pi-extensions",
      "reviewed": "2026-08-06",
      "status": "adopted",
      "role": "EXT-23 worktrees",
      "vendor": false
    },
    {
      "name": "@narumitw/pi-lsp",
      "version": "0.49.3",
      "tarball": "https://registry.npmjs.org/@narumitw/pi-lsp/-/pi-lsp-0.49.3.tgz",
      "sha256": "56f7f49c715f67ff1ea009a77cf5ccf4589f7504d1155cfcfe835c387fa8909c",
      "npm_dist_shasum_sha1": "077ad2a29b8c1c90b31eb0f3bea8b8fa80634596",
      "license": "MIT",
      "repository": "https://github.com/narumiruna/pi-extensions",
      "reviewed": "2026-08-07",
      "status": "adopted",
      "role": "W3-LSP language-server diagnostics",
      "vendor": false,
      "pinNote": "Adoption notes carried a 1.4.2 pin for this package. That version does not exist \u2014 `npm view @narumitw/pi-lsp versions` tops out at 0.49.4 (checked 2026-08-07). Pinned to 0.49.3 instead, matching the sibling pins for @narumitw/pi-usage and @narumitw/pi-worktree."
    },
    {
      "name": "@nklisch/pi-plugins",
      "version": "0.3.3",
      "tarball": "https://registry.npmjs.org/@nklisch/pi-plugins/-/pi-plugins-0.3.3.tgz",
      "sha256": "e88f68b217244352237bd81dc368851854136f66b1a0a9de55b906a5bfb781ff",
      "npm_dist_shasum_sha1": "a605ac51884eb9a23374c2a179a00188a28eec6e",
      "license": "MIT",
      "repository": "https://github.com/nklisch/pi-extensions",
      "reviewed": "2026-08-06",
      "status": "adopted-hardened",
      "role": "package lifecycle (not the install path)",
      "vendor": false
    },
    {
      "name": "pi-smart-compact",
      "version": "7.22.0",
      "tarball": "https://registry.npmjs.org/pi-smart-compact/-/pi-smart-compact-7.22.0.tgz",
      "sha256": "ed0b77491b7207eec0e356bb2bf8890d1278c3a7f61782d2f39d2448be3663ac",
      "npm_dist_shasum_sha1": "484d8f500a6f6aca629e509bb3ad26b2540ad61a",
      "license": "MIT",
      "repository": "https://github.com/alpertarhan/pi-smart-compact",
      "reviewed": "2026-08-06",
      "status": "adopted-optional",
      "role": "compaction summary quality",
      "vendor": false
    },
    {
      "name": "pi-hermes-memory",
      "version": "0.9.3",
      "tarball": "https://registry.npmjs.org/pi-hermes-memory/-/pi-hermes-memory-0.9.3.tgz",
      "sha256": "fc981262fc86246b8277f827abbb25c5a880133e147a146cae8e01c4abc082ff",
      "npm_dist_shasum_sha1": "92a9324500fbbeec1727f6edc5498598819ad59f",
      "license": "MIT",
      "repository": "https://github.com/chandra447/pi-hermes-memory",
      "reviewed": "2026-08-06",
      "status": "adopted-separate",
      "role": "session search (FTS5)",
      "vendor": false
    },
    {
      "name": "pi-lean-ctx",
      "version": "3.9.17",
      "tarball": "https://registry.npmjs.org/pi-lean-ctx/-/pi-lean-ctx-3.9.17.tgz",
      "sha256": "53dfd362d503679d3d07f85cb8f698057b44f064eab860c19013a8dc5470de1e",
      "npm_dist_shasum_sha1": "9fa43e466e8c3b119c836cb09b7117c17cfcc156",
      "license": "Apache-2.0",
      "repository": "https://github.com/yvgude/lean-ctx",
      "reviewed": "2026-08-06",
      "status": "adopted-optional",
      "role": "tool-output shrinking",
      "vendor": false,
      "licenseTextShipped": false,
      "licenseTextNote": "declared-but-textless licence: the package excludes its LICENSE via package.json `files`. docs/PACKAGES.md trap 2 reviewed and accepted this on 2026-08-06. Recorded here because PC-17's title is \"ships a licence file (or the ledger says why not)\" and this is the ledger saying why not."
    },
    {
      "name": "pi-opa-net",
      "version": "0.6.0",
      "tarball": "https://registry.npmjs.org/pi-opa-net/-/pi-opa-net-0.6.0.tgz",
      "sha256": "075b000cf64c98b5a8ef43fcc649149ade6aec3f8007e4764f378da5b88b2672",
      "npm_dist_shasum_sha1": "20adc0bea71c1a12ebac7cb8d88872e219a3f9e1",
      "license": "MIT",
      "repository": "https://github.com/buihongduc132/pi-opa-net",
      "reviewed": "2026-08-06",
      "status": "adopted-conditional",
      "role": "OPA policy engine",
      "vendor": false
    }
  ],
  "transitive_pins": [
    {
      "name": "@carderne/sandbox-runtime",
      "version": "0.0.69",
      "tarball": "https://registry.npmjs.org/@carderne/sandbox-runtime/-/sandbox-runtime-0.0.69.tgz",
      "sha256": "add9b6f5db271fdb16ca52131321801e826cbd42b7c0eb4c2438292c44d8d3d1",
      "license": "Apache-2.0",
      "repository": "https://github.com/carderne/sandbox-runtime",
      "reviewed": "2026-08-06",
      "required_by": "pi-sandbox@0.6.2 (\"^0.0.69\" resolves to exactly 0.0.69)",
      "note": "Performs the actual OS-level containment. Pre-1.0. Network filtering via a local MITM TLS proxy (dist/sandbox/mitm-ca.js) - unresolved conflict with corporate TLS (G2)."
    },
    {
      "name": "@napi-rs/keyring-darwin-arm64",
      "version": "1.3.0",
      "tarball": "https://registry.npmjs.org/@napi-rs/keyring-darwin-arm64/-/keyring-darwin-arm64-1.3.0.tgz",
      "sha256": "b57f9a3136ab0e74d570370facf26fd0aafaceab41336853edffccb250b0a959",
      "license": "MIT",
      "repository": "https://github.com/napi-rs/node-rs",
      "reviewed": "2026-08-06",
      "required_by": "pi-mcp-adapter@2.20.1 -> @napi-rs/keyring@^1.3.0 (optionalDependencies)",
      "note": "VP-05. Prebuilt Mach-O arm64 .node, no install scripts, no Rust toolchain required. 12 platform targets published."
    }
  ],
  "not_installed": [
    {
      "name": "picodesandbox",
      "version": "0.6.12",
      "reason": "Same extension as pi-sandbox published under a second name; depends on @carderne/sandbox-runtime at floating 'latest'. Install pi-sandbox instead."
    },
    {
      "name": "pi-yaml-hooks",
      "version": "2026.7.19",
      "reason": "VP-06 - fail-open at every layer and not configurable. See DENYLIST.md section 4a."
    },
    {
      "name": "pi-llama-cpp",
      "version": "0.9.1",
      "reason": "Reviewed and adopted 2026-08-06 for the EXT-13 local lane, then made moot: owner decision, 2026-08-15, the provider set is exactly github-copilot, an OpenAI-compatible gateway and databricks, and the whole local-model-server lane is deleted. The package served nothing else - it never registered the provider id `local` (its own prefix is `llama-server`, its default port :8080) and nothing in extensions/ ever imported it. Uninstalled 2026-08-15 rather than left pinned-but-dead. A model server on loopback is still reachable through config/providers/openai-compatible.json, which needs no package at all. Re-adopting it needs a fresh review AND a provider to adopt it for."
    }
  ],
  "sha256_method": "npm pack --ignore-scripts, then shasum -a 256 on the resulting tarball. The npm_dist_shasum_sha1 field is npm's own SHA-1 and is recorded only as a cross-check.",
  "counts": {
    "adopted": 20,
    "transitive_pins": 2,
    "not_installed": 3
  }
}
