{
  "generated": "2026-08-06",
  "procedure": "docs/PACKAGES.md header",
  "packages": [
    {
      "name": "pi-subagents",
      "version": "0.57.0",
      "tarball": "https://registry.npmjs.org/pi-subagents/-/pi-subagents-0.57.0.tgz",
      "sha256": "399689b0b17c0d9e079388280775d76d7fe9d32bd9d2aa0011fa7910a6572cc6",
      "npm_dist_shasum_sha1": "3962b61e1906b76d0807bfd0956f2afa5e1eaa8c",
      "license": "MIT",
      "repository": "https://github.com/nicobailon/pi-subagents",
      "reviewed": "2026-08-26",
      "status": "adopted",
      "role": "EXT-05/24/25 sub-agent runtime",
      "vendor": false
    },
    {
      "name": "pi-sandbox",
      "version": "0.6.2",
      "tarball": "https://registry.npmjs.org/pi-sandbox/-/pi-sandbox-0.6.2.tgz",
      "sha256": "f10dd13d37b9444bbaad0b0930d748ec3b24f4165182865b28b05ed4ce7d886d",
      "npm_dist_shasum_sha1": "a0c6cc578cc60e5af44ba9d1e44733e43a3482f3",
      "license": "MIT",
      "repository": "https://github.com/carderne/pi-sandbox",
      "reviewed": "2026-08-06",
      "status": "adopted-vendored",
      "role": "EXT-03 OS-level containment",
      "vendor": true
    },
    {
      "name": "pi-mcp-adapter",
      "version": "2.20.1",
      "tarball": "https://registry.npmjs.org/pi-mcp-adapter/-/pi-mcp-adapter-2.20.1.tgz",
      "sha256": "cc35b8d045bb12f8989b8bdfe71dd3b49756c41e0c4a0fe48919ee24c4c16a7f",
      "npm_dist_shasum_sha1": "f10fc35c89a4fe98fa1296fdd3cfae2ebe57174b",
      "license": "MIT",
      "repository": "https://github.com/nicobailon/pi-mcp-adapter",
      "reviewed": "2026-08-06",
      "status": "adopted-vendored",
      "role": "EXT-14 MCP bridge",
      "vendor": true
    },
    {
      "name": "pi-web-access",
      "version": "0.18.0",
      "tarball": "https://registry.npmjs.org/pi-web-access/-/pi-web-access-0.18.0.tgz",
      "sha256": "6658b8585b2c2bddbed2a8063d75bb2a0e522bb7f182b873c1e54dbee8b42f6d",
      "npm_dist_shasum_sha1": "ee2d325b247b0239eab0d20b6b27eea698a42df4",
      "license": "MIT",
      "repository": "https://github.com/nicobailon/pi-web-access",
      "reviewed": "2026-08-06",
      "status": "adopted",
      "role": "EXT-07 web (personal profile)",
      "vendor": false
    },
    {
      "name": "@mrclrchtr/supi-bash-timeout",
      "version": "4.6.0",
      "tarball": "https://registry.npmjs.org/@mrclrchtr/supi-bash-timeout/-/supi-bash-timeout-4.6.0.tgz",
      "sha256": "fc9ca06db74173b6371add9be7fd6c27a054e7d160db1dac804d76690bae635f",
      "npm_dist_shasum_sha1": "5c2d1256062b3ccee7aabcc5ec53feac62f0b89d",
      "license": "MIT",
      "repository": "https://github.com/mrclrchtr/supi",
      "reviewed": "2026-08-06",
      "status": "adopted",
      "role": "EXT-18 bash default timeout",
      "vendor": false,
      "licenseTextShipped": false,
      "licenseTextNote": "declared-but-textless licence: the package excludes its LICENSE via package.json `files`. docs/PACKAGES.md trap 2 reviewed and accepted this on 2026-08-06. Recorded here because PC-17's title is \"ships a licence file (or the ledger says why not)\" and this is the ledger saying why not."
    },
    {
      "name": "@narumitw/pi-statusline",
      "version": "0.49.5",
      "tarball": "https://registry.npmjs.org/@narumitw/pi-statusline/-/pi-statusline-0.49.5.tgz",
      "sha256": "18b250c08c9adb37634d130e48416923fd4a4251c31292aedb1774fec85cdab7",
      "npm_dist_shasum_sha1": "e2f307256bd07963f43a1d6feaf4c4b2a1702d46",
      "license": "MIT",
      "repository": "https://github.com/narumiruna/pi-extensions",
      "reviewed": "2026-08-06",
      "status": "adopted",
      "role": "EXT-12 statusline",
      "vendor": false
    },
    {
      "name": "@narumitw/pi-usage",
      "version": "0.49.3",
      "tarball": "https://registry.npmjs.org/@narumitw/pi-usage/-/pi-usage-0.49.3.tgz",
      "sha256": "47205861fb00495bbbcba795f7218a0c80b13185f43a3e5a21f971537e9adef6",
      "npm_dist_shasum_sha1": "3bbad0bd90ae79c206dd919df2befd2860a77ec0",
      "license": "MIT",
      "repository": "https://github.com/narumiruna/pi-extensions",
      "reviewed": "2026-08-06",
      "status": "adopted",
      "role": "EXT-09 quota read path",
      "vendor": false
    },
    {
      "name": "@juicesharp/rpiv-todo",
      "version": "2.4.0",
      "tarball": "https://registry.npmjs.org/@juicesharp/rpiv-todo/-/rpiv-todo-2.4.0.tgz",
      "sha256": "c55f5f6eab93371ae99897590efe558ce556f97a79a63f43ea0a40c09f96a0dd",
      "npm_dist_shasum_sha1": "aa20d37c69a0d16bec4a709a7d1b48aacaf02fbe",
      "license": "MIT",
      "repository": "https://github.com/juicesharp/rpiv-mono",
      "reviewed": "2026-08-06",
      "status": "adopted",
      "role": "EXT-22 task list",
      "vendor": false
    },
    {
      "name": "@narumitw/pi-worktree",
      "version": "0.49.3",
      "tarball": "https://registry.npmjs.org/@narumitw/pi-worktree/-/pi-worktree-0.49.3.tgz",
      "sha256": "ddcc0e3cd1f7881c5e8bafc70c6ff5f86be18bd786002fda87ed42d3a5bbb273",
      "npm_dist_shasum_sha1": "80c64d20f8b9509eec37b83b49fbdf7f89368e81",
      "license": "MIT",
      "repository": "https://github.com/narumiruna/pi-extensions",
      "reviewed": "2026-08-06",
      "status": "adopted",
      "role": "EXT-23 worktrees",
      "vendor": false
    },
    {
      "name": "@narumitw/pi-lsp",
      "version": "0.49.3",
      "tarball": "https://registry.npmjs.org/@narumitw/pi-lsp/-/pi-lsp-0.49.3.tgz",
      "sha256": "56f7f49c715f67ff1ea009a77cf5ccf4589f7504d1155cfcfe835c387fa8909c",
      "npm_dist_shasum_sha1": "077ad2a29b8c1c90b31eb0f3bea8b8fa80634596",
      "license": "MIT",
      "repository": "https://github.com/narumiruna/pi-extensions",
      "reviewed": "2026-08-07",
      "status": "adopted",
      "role": "W3-LSP language-server diagnostics",
      "vendor": false,
      "pinNote": "Adoption notes carried a 1.4.2 pin for this package. That version does not exist \u2014 `npm view @narumitw/pi-lsp versions` tops out at 0.49.4 (checked 2026-08-07). Pinned to 0.49.3 instead, matching the sibling pins for @narumitw/pi-usage and @narumitw/pi-worktree."
    },
    {
      "name": "pi-hermes-memory",
      "version": "0.9.3",
      "tarball": "https://registry.npmjs.org/pi-hermes-memory/-/pi-hermes-memory-0.9.3.tgz",
      "sha256": "fc981262fc86246b8277f827abbb25c5a880133e147a146cae8e01c4abc082ff",
      "npm_dist_shasum_sha1": "92a9324500fbbeec1727f6edc5498598819ad59f",
      "license": "MIT",
      "repository": "https://github.com/chandra447/pi-hermes-memory",
      "reviewed": "2026-08-06",
      "status": "adopted-separate",
      "role": "session search (FTS5)",
      "vendor": false
    },
    {
      "name": "pi-lean-ctx",
      "version": "3.9.17",
      "tarball": "https://registry.npmjs.org/pi-lean-ctx/-/pi-lean-ctx-3.9.17.tgz",
      "sha256": "53dfd362d503679d3d07f85cb8f698057b44f064eab860c19013a8dc5470de1e",
      "npm_dist_shasum_sha1": "9fa43e466e8c3b119c836cb09b7117c17cfcc156",
      "license": "Apache-2.0",
      "repository": "https://github.com/yvgude/lean-ctx",
      "reviewed": "2026-08-06",
      "status": "adopted-optional",
      "role": "tool-output shrinking",
      "vendor": false,
      "licenseTextShipped": false,
      "licenseTextNote": "declared-but-textless licence: the package excludes its LICENSE via package.json `files`. docs/PACKAGES.md trap 2 reviewed and accepted this on 2026-08-06. Recorded here because PC-17's title is \"ships a licence file (or the ledger says why not)\" and this is the ledger saying why not."
    }
  ],
  "transitive_pins": [
    {
      "name": "@carderne/sandbox-runtime",
      "version": "0.0.69",
      "tarball": "https://registry.npmjs.org/@carderne/sandbox-runtime/-/sandbox-runtime-0.0.69.tgz",
      "sha256": "add9b6f5db271fdb16ca52131321801e826cbd42b7c0eb4c2438292c44d8d3d1",
      "license": "Apache-2.0",
      "repository": "https://github.com/carderne/sandbox-runtime",
      "reviewed": "2026-08-06",
      "required_by": "pi-sandbox@0.6.2 (\"^0.0.69\" resolves to exactly 0.0.69)",
      "note": "Performs the actual OS-level containment. Pre-1.0. Network filtering via a local MITM TLS proxy (dist/sandbox/mitm-ca.js) - unresolved conflict with corporate TLS (G2)."
    },
    {
      "name": "@napi-rs/keyring-darwin-arm64",
      "version": "1.3.0",
      "tarball": "https://registry.npmjs.org/@napi-rs/keyring-darwin-arm64/-/keyring-darwin-arm64-1.3.0.tgz",
      "sha256": "b57f9a3136ab0e74d570370facf26fd0aafaceab41336853edffccb250b0a959",
      "license": "MIT",
      "repository": "https://github.com/napi-rs/node-rs",
      "reviewed": "2026-08-06",
      "required_by": "pi-mcp-adapter@2.20.1 -> @napi-rs/keyring@^1.3.0 (optionalDependencies)",
      "note": "VP-05. Prebuilt Mach-O arm64 .node, no install scripts, no Rust toolchain required. 12 platform targets published."
    }
  ],
  "not_installed": [
    {
      "name": "picodesandbox",
      "version": "0.6.12",
      "reason": "Same extension as pi-sandbox published under a second name; depends on @carderne/sandbox-runtime at floating 'latest'. Install pi-sandbox instead."
    },
    {
      "name": "pi-yaml-hooks",
      "version": "2026.7.19",
      "reason": "VP-06 - fail-open at every layer and not configurable. See DENYLIST.md section 4a."
    },
    {
      "name": "pi-llama-cpp",
      "version": "0.9.1",
      "reason": "Reviewed and adopted 2026-08-06 for the EXT-13 local lane, then made moot: owner decision, 2026-08-15, the provider set is exactly github-copilot, an OpenAI-compatible gateway and databricks, and the whole local-model-server lane is deleted. The package served nothing else - it never registered the provider id `local` (its own prefix is `llama-server`, its default port :8080) and nothing in extensions/ ever imported it. Uninstalled 2026-08-15 rather than left pinned-but-dead. A model server on loopback is still reachable through config/providers/openai-compatible.json, which needs no package at all. Re-adopting it needs a fresh review AND a provider to adopt it for."
    },
    {
      "name": "pi-hashline-edit-pro",
      "version": "1.1.0",
      "reason": "Uninstalled 2026-08-29, dead-dependency sweep. Adopted 2026-08-06 as the EXT-19t edit trial; the trial never ran - it was never added to config/settings.default.json's packages[], which is the only load list, and nothing under extensions/ ever imported it, so PI never loaded it. docs/limitations.md records that it cannot load under the Bun runtime `pi` ships as (`No such built-in module: node:sqlite`), so wiring it was never an option either. It also carries its own typebox as a regular dependency, which would put two typebox realms in one process. Re-adopting it needs a fresh review AND an actual trial to adopt it for."
    },
    {
      "name": "pi-opa-net",
      "version": "0.6.0",
      "reason": "Uninstalled 2026-08-29, dead-dependency sweep. Adopted-conditional 2026-08-06 for an OPA policy engine that needs an external `opa` binary this harness does not ship and does not require; never in config/settings.default.json's packages[], never imported. The deny path is EXT-15's own hook layer, which is custom and fails closed - see docs/DENYLIST.md's `pi-yaml-hooks` row for why that is deliberate. docs/limitations.md records it aborting startup outright when wired (`undefined is not an object (evaluating '_index.default')`), a packaging bug on its side, so its fail-mode polarity was never exercised here."
    },
    {
      "name": "pi-smart-compact",
      "version": "7.22.0",
      "reason": "Uninstalled 2026-08-29, dead-dependency sweep. docs/PACKAGES.md already carried it as adopted-optional and not wired: never in config/settings.default.json's packages[], never imported. EXT-11 did not adopt it on the merits - it competes on summary quality, which is not the requirement, and implements no compaction loop guard, which is. docs/limitations.md records that it cannot load under the Bun runtime `pi` ships as (`NameTooLong while resolving package 'data:text/javascript;base64,...'`). No `smartCompact` key was ever shipped in config/settings.default.json, so nothing was left behind by removing it."
    },
    {
      "name": "pi-web-search",
      "version": "1.3.1",
      "reason": "Uninstalled 2026-08-29, dead-dependency sweep, on the licence ground docs/DENYLIST.md names first: it declares MIT and ships no licence text anywhere, so a tree that redistributes it redistributes an unlicensed copy. It was carried here with `licenseTextShipped: false` - the ledger acknowledgement PC-17 accepts - which is defensible for a package that earns its place and indefensible for one that never loaded. It never did: not in config/settings.default.json's packages[], never imported, and docs/limitations.md records that wiring it is impossible anyway because its `web_search` tool name collides with the adopted pi-web-access. Nothing is lost: pi-web-access serves `web_search`/`web_fetch` and extensions/web/answer.ts serves `web_answer` off the same backend."
    },
    {
      "name": "@99percentpeople/pi-background-tasks",
      "version": "2.0.0",
      "reason": "Uninstalled 2026-08-29, dead-dependency sweep. Adopted-hardened 2026-08-06 as the bash face of background work; never wired - not in config/settings.default.json's packages[], and the only references under extensions/jobs were prose. EXT-24 shipped its own cross-session job directory instead, precisely because this package (like pi-subagents' async runs) is session-scoped and its work dies with the process that started it. docs/limitations.md also records it failing to load under Bun (`Cannot find module '@xterm/headless'`)."
    },
    {
      "name": "@nklisch/pi-plugins",
      "version": "0.3.3",
      "reason": "Uninstalled 2026-08-29, dead-dependency sweep. It could never have loaded here: `engines.node` is >= 24 against this repository's floor of 22.19.0, and docs/limitations.md records the Bun failure too (`No such built-in module: node:sqlite`). It was never in config/settings.default.json's packages[] and docs/PACKAGES.md already recorded it as not this repository's install path. It also dragged in two unreviewed forks that appear in no ledger here (@nklisch/pi-subagents 18.1.0-nklisch.0, @nklisch/pi-mcp-adapter 2.20.1-nklisch.0)."
    }
  ],
  "sha256_method": "npm pack --ignore-scripts, then shasum -a 256 on the resulting tarball. The npm_dist_shasum_sha1 field is npm's own SHA-1 and is recorded only as a cross-check.",
  "counts": {
    "adopted": 12,
    "transitive_pins": 2,
    "not_installed": 9
  }
}
