{
  "version": "0.84.4",
  "npm": {
    "package": "@earendil-works/pi-coding-agent",
    "spec": "@earendil-works/pi-coding-agent@0.84.4"
  },
  "binaries": {
    "darwin-arm64": { "asset": "pi-darwin-arm64.tar.gz", "sha256": "c68e3ac4d05b4e282aaab2e6c76f161d3e9e68f19a22e38913cbfaadb6c800f0" },
    "darwin-x64":   { "asset": "pi-darwin-x64.tar.gz",   "sha256": "7a042d6413065421387001a4986190a1a03186c95a695f4dee0bdc76e60de8f7" },
    "linux-x64":    { "asset": "pi-linux-x64.tar.gz",    "sha256": "c2f3c3e6a1850bd87654cc3ca8811013272397c3d042a4e2a64c43ee1b423972" },
    "linux-arm64":  { "asset": "pi-linux-arm64.tar.gz",  "sha256": "135580f6b942151646e67b8b866d987d28ce3cff5a497030775ddd29659f943d" }
  },
  "releaseBase": "https://github.com/earendil-works/pi/releases/download/v0.84.4",
  "offlineModelData": "UNVERIFIED",
  "pinnedOn": "2026-09-01",
  "digestsClosedOn": "2026-09-01",
  "reviewDue": "2026-12-01",
  "_note": "All four sha256 values come from the release's own SHA256SUMS asset, which upstream publishes alongside the tarballs. The evidence behind them is NOT uniform, and that is the point of this note: darwin-arm64 was verified against a downloaded artifact (shasum -a 256 of pi-darwin-arm64.tar.gz for v0.84.4, computed 2026-09-01, byte-identical to SHA256SUMS). The other three were transcribed from that same SHA256SUMS and have never been recomputed from a tarball — they are correct if and only if that asset is. If you install on one of those three platforms, verify your own digest before trusting it: download the tarball and compare `shasum -a 256` (or `sha256sum`) against the value here.",
  "_observedLatest": "0.84.4 is upstream's latest release and npm's latest dist-tag as of 2026-09-01, and is what this lock pins. Bumped from 0.84.0 (pinned 2026-08-06) deliberately; the pin is again deliberate until `reviewDue` (2026-12-01) — do not bump it without cause before then."
}
